
Microsoft Visual Studio Solution File, Format Version 12.00
# Visual Studio Version 16
VisualStudioVersion = 16.0.31702.278
MinimumVisualStudioVersion = 10.0.40219.1
Project("{FAE04EC0-301F-11D3-BF4B-00C04F79EFBC}") = "csci340lab7", "csci340lab7\csci340lab7.csproj", "{F7553C42-0573-4FB9-AD65-8D9DB7F53917}"
EndProject
Global
	GlobalSection(SolutionConfigurationPlatforms) = preSolution
		Debug|Any CPU = Debug|Any CPU
		Release|Any CPU = Release|Any CPU
	EndGlobalSection
	GlobalSection(ProjectConfigurationPlatforms) = postSolution
		{F7553C42-0573-4FB9-AD65-8D9DB7F53917}.Debug|Any CPU.ActiveCfg = Debug|Any CPU
		{F7553C42-0573-4FB9-AD65-8D9DB7F53917}.Debug|Any CPU.Build.0 = Debug|Any CPU
		{F7553C42-0573-4FB9-AD65-8D9DB7F53917}.Release|Any CPU.ActiveCfg = Release|Any CPU
		{F7553C42-0573-4FB9-AD65-8D9DB7F53917}.Release|Any CPU.Build.0 = Release|Any CPU
	EndGlobalSection
	GlobalSection(SolutionProperties) = preSolution
		HideSolutionNode = FALSE
	EndGlobalSection
	GlobalSection(ExtensibilityGlobals) = postSolution
		SolutionGuid = {3F7F1DAB-E796-4365-A2D1-BB2298C1FABC}
	EndGlobalSection
EndGlobal
